
Microsoft Visual Studio Solution File, Format Version 12.00
# Visual Studio 14
VisualStudioVersion = 14.0.25420.1
MinimumVisualStudioVersion = 10.0.40219.1
Project("{FAE04EC0-301F-11D3-BF4B-00C04F79EFBC}") = "PeriodicTableChecker", "PeriodicTableChecker\PeriodicTableChecker.csproj", "{915AEB69-F0A5-4895-B1A5-FEDF2648C7E7}"
EndProject
Project("{FAE04EC0-301F-11D3-BF4B-00C04F79EFBC}") = "PeriodicTableChecker.Library", "PeriodicTableChecker.Library\PeriodicTableChecker.Library.csproj", "{31E849D5-1F16-4C06-BC37-F929586BDF31}"
EndProject
Project("{FAE04EC0-301F-11D3-BF4B-00C04F79EFBC}") = "PeriodicTableChecker.Library.Tests", "PeriodicTableChecker.Library.Tests\PeriodicTableChecker.Library.Tests.csproj", "{328CA415-D617-45CC-89F0-8C8CF280E162}"
EndProject
Global
	GlobalSection(SolutionConfigurationPlatforms) = preSolution
		Debug|Any CPU = Debug|Any CPU
		Release|Any CPU = Release|Any CPU
	EndGlobalSection
	GlobalSection(ProjectConfigurationPlatforms) = postSolution
		{915AEB69-F0A5-4895-B1A5-FEDF2648C7E7}.Debug|Any CPU.ActiveCfg = Debug|Any CPU
		{915AEB69-F0A5-4895-B1A5-FEDF2648C7E7}.Debug|Any CPU.Build.0 = Debug|Any CPU
		{915AEB69-F0A5-4895-B1A5-FEDF2648C7E7}.Release|Any CPU.ActiveCfg = Release|Any CPU
		{915AEB69-F0A5-4895-B1A5-FEDF2648C7E7}.Release|Any CPU.Build.0 = Release|Any CPU
		{31E849D5-1F16-4C06-BC37-F929586BDF31}.Debug|Any CPU.ActiveCfg = Debug|Any CPU
		{31E849D5-1F16-4C06-BC37-F929586BDF31}.Debug|Any CPU.Build.0 = Debug|Any CPU
		{31E849D5-1F16-4C06-BC37-F929586BDF31}.Release|Any CPU.ActiveCfg = Release|Any CPU
		{31E849D5-1F16-4C06-BC37-F929586BDF31}.Release|Any CPU.Build.0 = Release|Any CPU
		{328CA415-D617-45CC-89F0-8C8CF280E162}.Debug|Any CPU.ActiveCfg = Debug|Any CPU
		{328CA415-D617-45CC-89F0-8C8CF280E162}.Debug|Any CPU.Build.0 = Debug|Any CPU
		{328CA415-D617-45CC-89F0-8C8CF280E162}.Release|Any CPU.ActiveCfg = Release|Any CPU
		{328CA415-D617-45CC-89F0-8C8CF280E162}.Release|Any CPU.Build.0 = Release|Any CPU
	EndGlobalSection
	GlobalSection(SolutionProperties) = preSolution
		HideSolutionNode = FALSE
	EndGlobalSection
EndGlobal
